{
  "name": "federation-project",
  "version": "1.0.0",
  "lockfileVersion": 3,
  "requires": true,
  "packages": {
    "": {
      "name": "federation-project",
      "version": "1.0.0",
      "workspaces": [
        "packages/app1",
        "packages/app2"
      ],
      "devDependencies": {
        "prettier": "^3.3.2"
      },
      "engines": {
        "node": ">=18.14.2",
        "npm": ">=9.5.0"
      }
    },
    "node_modules/app1": {
      "resolved": "packages/app1",
      "link": true
    },
    "node_modules/app2": {
      "resolved": "packages/app2",
      "link": true
    },
    "node_modules/prettier": {
      "version": "3.3.2",
      "resolved": "https://registry.npmjs.org/prettier/-/prettier-3.3.2.tgz",
      "integrity": "sha512-rAVeHYMcv8ATV5d508CFdn+8/pHPpXeIid1DdrPwXnaAdH7cqjVbpJaT5eq4yRAFU/lsbwYwSF/n5iNrdJHPQA==",
      "dev": true,
      "bin": {
        "prettier": "bin/prettier.cjs"
      },
      "engines": {
        "node": ">=14"
      },
      "funding": {
        "url": "https://github.com/prettier/prettier?sponsor=1"
      }
    },
    "packages/app1": {
      "version": "1.0.0",
      "license": "ISC"
    },
    "packages/app2": {
      "version": "1.0.0",
      "license": "ISC",
      "devDependencies": {}
    }
  }
}
