{
  "name": "federation-project",
  "version": "1.0.0",
  "lockfileVersion": 3,
  "requires": true,
  "packages": {
    "": {
      "name": "federation-project",
      "version": "1.0.0",
      "workspaces": [
        "packages/app1",
        "packages/app2"
      ],
      "engines": {
        "node": ">=18.14.2",
        "npm": ">=9.5.0"
      }
    },
    "node_modules/app1": {
      "resolved": "packages/app1",
      "link": true
    },
    "node_modules/app2": {
      "resolved": "packages/app2",
      "link": true
    },
    "packages/app1": {
      "version": "1.0.0",
      "license": "ISC"
    },
    "packages/app2": {
      "version": "1.0.0",
      "license": "ISC",
      "devDependencies": {}
    }
  }
}
